{
  "name": "npm-linked-install-repro",
  "version": "0.0.0",
  "lockfileVersion": 3,
  "requires": true,
  "packages": {
    "": {
      "name": "npm-linked-install-repro",
      "version": "0.0.0",
      "license": "MIT",
      "workspaces": [
        "packages/*"
      ]
    },
    "node_modules/@iansu/package-a": {
      "resolved": "packages/package-a",
      "link": true
    },
    "node_modules/@iansu/package-b": {
      "resolved": "packages/package-b",
      "link": true
    },
    "packages/package-a": {
      "name": "@iansu/package-a",
      "version": "0.0.0",
      "license": "MIT"
    },
    "packages/package-b": {
      "name": "@iansu/package-b",
      "version": "0.0.0",
      "license": "MIT",
      "dependencies": {
        "@iansu/package-a": "*"
      }
    }
  }
}
